
Microsoft Visual Studio Solution File, Format Version 12.00
# Visual Studio Version 17
VisualStudioVersion = 17.10.35027.167
MinimumVisualStudioVersion = 10.0.40219.1
Project("{FAE04EC0-301F-11D3-BF4B-00C04F79EFBC}") = "ConsoleApp1", "ConsoleApp1.csproj", "{B67678BE-2537-49D9-87FA-4286C205130D}"
EndProject
Global
	GlobalSection(SolutionConfigurationPlatforms) = preSolution
		Debug|Any CPU = Debug|Any CPU
		Release|Any CPU = Release|Any CPU
	EndGlobalSection
	GlobalSection(ProjectConfigurationPlatforms) = postSolution
		{B67678BE-2537-49D9-87FA-4286C205130D}.Debug|Any CPU.ActiveCfg = Debug|Any CPU
		{B67678BE-2537-49D9-87FA-4286C205130D}.Debug|Any CPU.Build.0 = Debug|Any CPU
		{B67678BE-2537-49D9-87FA-4286C205130D}.Release|Any CPU.ActiveCfg = Release|Any CPU
		{B67678BE-2537-49D9-87FA-4286C205130D}.Release|Any CPU.Build.0 = Release|Any CPU
	EndGlobalSection
	GlobalSection(SolutionProperties) = preSolution
		HideSolutionNode = FALSE
	EndGlobalSection
	GlobalSection(ExtensibilityGlobals) = postSolution
		SolutionGuid = {825B7729-D1B2-4188-AAF8-8FA16B08259B}
	EndGlobalSection
EndGlobal
